{
  "version": 4,
  "terraform_version": "1.10.5",
  "serial": 3,
  "lineage": "7780522c-7d95-efb7-074f-4fc3c6ae32b6",
  "outputs": {},
  "resources": [
    {
      "mode": "managed",
      "type": "aws_cloudfront_origin_access_identity",
      "name": "oai",
      "provider": "provider[\"registry.terraform.io/hashicorp/aws\"]",
      "instances": [
        {
          "schema_version": 0,
          "attributes": {
            "arn": "arn:aws:cloudfront::788164190030:origin-access-identity/EE0SLKZLNT01G",
            "caller_reference": "terraform-20250918065018824900000001",
            "cloudfront_access_identity_path": "origin-access-identity/cloudfront/EE0SLKZLNT01G",
            "comment": "OAI for web bucket",
            "etag": "E3UN6WX5RRO2AG",
            "iam_arn": "arn:aws:iam::cloudfront:user/CloudFront Origin Access Identity EE0SLKZLNT01G",
            "id": "EE0SLKZLNT01G",
            "s3_canonical_user_id": "2b57b65434cbcbd837c440b24ccdabb88b2817cd4234ac1b9a738198b100870bcc94bb308a176a534466f3a0b7eca4bc"
          },
          "sensitive_attributes": [],
          "private": "bnVsbA=="
        }
      ]
    }
  ],
  "check_results": null
}
